// !$*UTF8*$!
{
	archiveVersion = 1;
	classes = {
	};
	objectVersion = 55;
	objects = {

/* Begin PBXBuildFile section */
		63491B5F2774FC59000BD504 /* CitySightsApp.swift in Sources */ = {isa = PBXBuildFile; fileRef = 63491B5E2774FC59000BD504 /* CitySightsApp.swift */; };
		63491B612774FC59000BD504 /* LaunchView.swift in Sources */ = {isa = PBXBuildFile; fileRef = 63491B602774FC59000BD504 /* LaunchView.swift */; };
		63491B632774FC5A000BD504 /* Assets.xcassets in Resources */ = {isa = PBXBuildFile; fileRef = 63491B622774FC5A000BD504 /* Assets.xcassets */; };
		63491B662774FC5A000BD504 /* Preview Assets.xcassets in Resources */ = {isa = PBXBuildFile; fileRef = 63491B652774FC5A000BD504 /* Preview Assets.xcassets */; };
		63491B70277504CF000BD504 /* ContentModel.swift in Sources */ = {isa = PBXBuildFile; fileRef = 63491B6F277504CF000BD504 /* ContentModel.swift */; };
		63491B732778D12E000BD504 /* Constants.swift in Sources */ = {isa = PBXBuildFile; fileRef = 63491B722778D12E000BD504 /* Constants.swift */; };
		63491B752778D8B5000BD504 /* PrivateConstants.swift in Sources */ = {isa = PBXBuildFile; fileRef = 63491B742778D8B5000BD504 /* PrivateConstants.swift */; };
		63E825782778E74400C21A5E /* Business.swift in Sources */ = {isa = PBXBuildFile; fileRef = 63E825772778E74400C21A5E /* Business.swift */; };
		63E8257A2778EA8100C21A5E /* Coordinate.swift in Sources */ = {isa = PBXBuildFile; fileRef = 63E825792778EA8100C21A5E /* Coordinate.swift */; };
		63E8257C2778EAB700C21A5E /* BusinessSearch.swift in Sources */ = {isa = PBXBuildFile; fileRef = 63E8257B2778EAB700C21A5E /* BusinessSearch.swift */; };
		63E825812778F63400C21A5E /* HomeView.swift in Sources */ = {isa = PBXBuildFile; fileRef = 63E825802778F63400C21A5E /* HomeView.swift */; };
		63E825842778FA1C00C21A5E /* BusinessListView.swift in Sources */ = {isa = PBXBuildFile; fileRef = 63E825832778FA1C00C21A5E /* BusinessListView.swift */; };
		63E825862778FE0200C21A5E /* BusinessSectionHeaderView.swift in Sources */ = {isa = PBXBuildFile; fileRef = 63E825852778FE0200C21A5E /* BusinessSectionHeaderView.swift */; };
		63E825882778FEF200C21A5E /* BusinessSectionView.swift in Sources */ = {isa = PBXBuildFile; fileRef = 63E825872778FEF200C21A5E /* BusinessSectionView.swift */; };
		63E8258A277B60B500C21A5E /* BusinessRowView.swift in Sources */ = {isa = PBXBuildFile; fileRef = 63E82589277B60B500C21A5E /* BusinessRowView.swift */; };
		63E8258D277E226700C21A5E /* BusinessDetailView.swift in Sources */ = {isa = PBXBuildFile; fileRef = 63E8258C277E226700C21A5E /* BusinessDetailView.swift */; };
		63E8258F277E608E00C21A5E /* BusinessDetailLinkView.swift in Sources */ = {isa = PBXBuildFile; fileRef = 63E8258E277E608E00C21A5E /* BusinessDetailLinkView.swift */; };
		63E82592278227BA00C21A5E /* BusinessMapView.swift in Sources */ = {isa = PBXBuildFile; fileRef = 63E82591278227BA00C21A5E /* BusinessMapView.swift */; };
/* End PBXBuildFile section */

/* Begin PBXFileReference section */
		63491B5B2774FC59000BD504 /* CitySights.app */ = {isa = PBXFileReference; explicitFileType = wrapper.application; includeInIndex = 0; path = CitySights.app; sourceTree = BUILT_PRODUCTS_DIR; };
		63491B5E2774FC59000BD504 /* CitySightsApp.swift */ = {isa = PBXFileReference; lastKnownFileType = sourcecode.swift; path = CitySightsApp.swift; sourceTree = "<group>"; };
		63491B602774FC59000BD504 /* LaunchView.swift */ = {isa = PBXFileReference; lastKnownFileType = sourcecode.swift; path = LaunchView.swift; sourceTree = "<group>"; };
		63491B622774FC5A000BD504 /* Assets.xcassets */ = {isa = PBXFileReference; lastKnownFileType = folder.assetcatalog; path = Assets.xcassets; sourceTree = "<group>"; };
		63491B652774FC5A000BD504 /* Preview Assets.xcassets */ = {isa = PBXFileReference; lastKnownFileType = folder.assetcatalog; path = "Preview Assets.xcassets"; sourceTree = "<group>"; };
		63491B6F277504CF000BD504 /* ContentModel.swift */ = {isa = PBXFileReference; lastKnownFileType = sourcecode.swift; path = ContentModel.swift; sourceTree = "<group>"; };
		63491B722778D12E000BD504 /* Constants.swift */ = {isa = PBXFileReference; lastKnownFileType = sourcecode.swift; path = Constants.swift; sourceTree = "<group>"; };
		63491B742778D8B5000BD504 /* PrivateConstants.swift */ = {isa = PBXFileReference; lastKnownFileType = sourcecode.swift; path = PrivateConstants.swift; sourceTree = "<group>"; };
		63E825772778E74400C21A5E /* Business.swift */ = {isa = PBXFileReference; lastKnownFileType = sourcecode.swift; path = Business.swift; sourceTree = "<group>"; };
		63E825792778EA8100C21A5E /* Coordinate.swift */ = {isa = PBXFileReference; lastKnownFileType = sourcecode.swift; path = Coordinate.swift; sourceTree = "<group>"; };
		63E8257B2778EAB700C21A5E /* BusinessSearch.swift */ = {isa = PBXFileReference; lastKnownFileType = sourcecode.swift; path = BusinessSearch.swift; sourceTree = "<group>"; };
		63E825802778F63400C21A5E /* HomeView.swift */ = {isa = PBXFileReference; lastKnownFileType = sourcecode.swift; path = HomeView.swift; sourceTree = "<group>"; };
		63E825832778FA1C00C21A5E /* BusinessListView.swift */ = {isa = PBXFileReference; lastKnownFileType = sourcecode.swift; path = BusinessListView.swift; sourceTree = "<group>"; };
		63E825852778FE0200C21A5E /* BusinessSectionHeaderView.swift */ = {isa = PBXFileReference; lastKnownFileType = sourcecode.swift; path = BusinessSectionHeaderView.swift; sourceTree = "<group>"; };
		63E825872778FEF200C21A5E /* BusinessSectionView.swift */ = {isa = PBXFileReference; lastKnownFileType = sourcecode.swift; path = BusinessSectionView.swift; sourceTree = "<group>"; };
		63E82589277B60B500C21A5E /* BusinessRowView.swift */ = {isa = PBXFileReference; lastKnownFileType = sourcecode.swift; path = BusinessRowView.swift; sourceTree = "<group>"; };
		63E8258C277E226700C21A5E /* BusinessDetailView.swift */ = {isa = PBXFileReference; lastKnownFileType = sourcecode.swift; path = BusinessDetailView.swift; sourceTree = "<group>"; };
		63E8258E277E608E00C21A5E /* BusinessDetailLinkView.swift */ = {isa = PBXFileReference; lastKnownFileType = sourcecode.swift; path = BusinessDetailLinkView.swift; sourceTree = "<group>"; };
		63E82591278227BA00C21A5E /* BusinessMapView.swift */ = {isa = PBXFileReference; lastKnownFileType = sourcecode.swift; path = BusinessMapView.swift; sourceTree = "<group>"; };
/* End PBXFileReference section */

/* Begin PBXFrameworksBuildPhase section */
		63491B582774FC59000BD504 /* Frameworks */ = {
			isa = PBXFrameworksBuildPhase;
			buildActionMask = 2147483647;
			files = (
			);
			runOnlyForDeploymentPostprocessing = 0;
		};
/* End PBXFrameworksBuildPhase section */

/* Begin PBXGroup section */
		63491B522774FC59000BD504 = {
			isa = PBXGroup;
			children = (
				63491B5D2774FC59000BD504 /* CitySights */,
				63491B5C2774FC59000BD504 /* Products */,
			);
			sourceTree = "<group>";
		};
		63491B5C2774FC59000BD504 /* Products */ = {
			isa = PBXGroup;
			children = (
				63491B5B2774FC59000BD504 /* CitySights.app */,
			);
			name = Products;
			sourceTree = "<group>";
		};
		63491B5D2774FC59000BD504 /* CitySights */ = {
			isa = PBXGroup;
			children = (
				63491B6D2774FC85000BD504 /* Views */,
				63491B6E2774FC90000BD504 /* ViewModels */,
				63491B6C2774FC78000BD504 /* Models */,
				63491B5E2774FC59000BD504 /* CitySightsApp.swift */,
				63491B712778D117000BD504 /* Utilities */,
				63491B622774FC5A000BD504 /* Assets.xcassets */,
				63491B642774FC5A000BD504 /* Preview Content */,
			);
			path = CitySights;
			sourceTree = "<group>";
		};
		63491B642774FC5A000BD504 /* Preview Content */ = {
			isa = PBXGroup;
			children = (
				63491B652774FC5A000BD504 /* Preview Assets.xcassets */,
			);
			path = "Preview Content";
			sourceTree = "<group>";
		};
		63491B6C2774FC78000BD504 /* Models */ = {
			isa = PBXGroup;
			children = (
				63E825772778E74400C21A5E /* Business.swift */,
				63E825792778EA8100C21A5E /* Coordinate.swift */,
				63E8257B2778EAB700C21A5E /* BusinessSearch.swift */,
			);
			path = Models;
			sourceTree = "<group>";
		};
		63491B6D2774FC85000BD504 /* Views */ = {
			isa = PBXGroup;
			children = (
				63E8257F2778F62700C21A5E /* Home */,
				63E8257E2778F61C00C21A5E /* Denied */,
				63E8257D2778F61400C21A5E /* Onboarding */,
				63491B602774FC59000BD504 /* LaunchView.swift */,
			);
			path = Views;
			sourceTree = "<group>";
		};
		63491B6E2774FC90000BD504 /* ViewModels */ = {
			isa = PBXGroup;
			children = (
				63491B6F277504CF000BD504 /* ContentModel.swift */,
			);
			path = ViewModels;
			sourceTree = "<group>";
		};
		63491B712778D117000BD504 /* Utilities */ = {
			isa = PBXGroup;
			children = (
				63491B722778D12E000BD504 /* Constants.swift */,
				63491B742778D8B5000BD504 /* PrivateConstants.swift */,
			);
			path = Utilities;
			sourceTree = "<group>";
		};
		63E8257D2778F61400C21A5E /* Onboarding */ = {
			isa = PBXGroup;
			children = (
			);
			path = Onboarding;
			sourceTree = "<group>";
		};
		63E8257E2778F61C00C21A5E /* Denied */ = {
			isa = PBXGroup;
			children = (
			);
			path = Denied;
			sourceTree = "<group>";
		};
		63E8257F2778F62700C21A5E /* Home */ = {
			isa = PBXGroup;
			children = (
				63E825802778F63400C21A5E /* HomeView.swift */,
				63E8258B277E225000C21A5E /* Detail */,
				63E825822778FA0A00C21A5E /* List */,
				63E825902782274C00C21A5E /* Map */,
			);
			path = Home;
			sourceTree = "<group>";
		};
		63E825822778FA0A00C21A5E /* List */ = {
			isa = PBXGroup;
			children = (
				63E825832778FA1C00C21A5E /* BusinessListView.swift */,
				63E825852778FE0200C21A5E /* BusinessSectionHeaderView.swift */,
				63E825872778FEF200C21A5E /* BusinessSectionView.swift */,
				63E82589277B60B500C21A5E /* BusinessRowView.swift */,
			);
			path = List;
			sourceTree = "<group>";
		};
		63E8258B277E225000C21A5E /* Detail */ = {
			isa = PBXGroup;
			children = (
				63E8258C277E226700C21A5E /* BusinessDetailView.swift */,
				63E8258E277E608E00C21A5E /* BusinessDetailLinkView.swift */,
			);
			path = Detail;
			sourceTree = "<group>";
		};
		63E825902782274C00C21A5E /* Map */ = {
			isa = PBXGroup;
			children = (
				63E82591278227BA00C21A5E /* BusinessMapView.swift */,
			);
			path = Map;
			sourceTree = "<group>";
		};
/* End PBXGroup section */

/* Begin PBXNativeTarget section */
		63491B5A2774FC59000BD504 /* CitySights */ = {
			isa = PBXNativeTarget;
			buildConfigurationList = 63491B692774FC5A000BD504 /* Build configuration list for PBXNativeTarget "CitySights" */;
			buildPhases = (
				63491B572774FC59000BD504 /* Sources */,
				63491B582774FC59000BD504 /* Frameworks */,
				63491B592774FC59000BD504 /* Resources */,
			);
			buildRules = (
			);
			dependencies = (
			);
			name = CitySights;
			productName = CitySights;
			productReference = 63491B5B2774FC59000BD504 /* CitySights.app */;
			productType = "com.apple.product-type.application";
		};
/* End PBXNativeTarget section */

/* Begin PBXProject section */
		63491B532774FC59000BD504 /* Project object */ = {
			isa = PBXProject;
			attributes = {
				BuildIndependentTargetsInParallel = 1;
				LastSwiftUpdateCheck = 1320;
				LastUpgradeCheck = 1320;
				TargetAttributes = {
					63491B5A2774FC59000BD504 = {
						CreatedOnToolsVersion = 13.2.1;
					};
				};
			};
			buildConfigurationList = 63491B562774FC59000BD504 /* Build configuration list for PBXProject "CitySights" */;
			compatibilityVersion = "Xcode 13.0";
			developmentRegion = en;
			hasScannedForEncodings = 0;
			knownRegions = (
				en,
				Base,
			);
			mainGroup = 63491B522774FC59000BD504;
			productRefGroup = 63491B5C2774FC59000BD504 /* Products */;
			projectDirPath = "";
			projectRoot = "";
			targets = (
				63491B5A2774FC59000BD504 /* CitySights */,
			);
		};
/* End PBXProject section */

/* Begin PBXResourcesBuildPhase section */
		63491B592774FC59000BD504 /* Resources */ = {
			isa = PBXResourcesBuildPhase;
			buildActionMask = 2147483647;
			files = (
				63491B662774FC5A000BD504 /* Preview Assets.xcassets in Resources */,
				63491B632774FC5A000BD504 /* Assets.xcassets in Resources */,
			);
			runOnlyForDeploymentPostprocessing = 0;
		};
/* End PBXResourcesBuildPhase section */

/* Begin PBXSourcesBuildPhase section */
		63491B572774FC59000BD504 /* Sources */ = {
			isa = PBXSourcesBuildPhase;
			buildActionMask = 2147483647;
			files = (
				63E825862778FE0200C21A5E /* BusinessSectionHeaderView.swift in Sources */,
				63E8258D277E226700C21A5E /* BusinessDetailView.swift in Sources */,
				63E825812778F63400C21A5E /* HomeView.swift in Sources */,
				63E8257A2778EA8100C21A5E /* Coordinate.swift in Sources */,
				63E8257C2778EAB700C21A5E /* BusinessSearch.swift in Sources */,
				63E82592278227BA00C21A5E /* BusinessMapView.swift in Sources */,
				63E825882778FEF200C21A5E /* BusinessSectionView.swift in Sources */,
				63E8258A277B60B500C21A5E /* BusinessRowView.swift in Sources */,
				63E8258F277E608E00C21A5E /* BusinessDetailLinkView.swift in Sources */,
				63E825842778FA1C00C21A5E /* BusinessListView.swift in Sources */,
				63491B612774FC59000BD504 /* LaunchView.swift in Sources */,
				63491B5F2774FC59000BD504 /* CitySightsApp.swift in Sources */,
				63491B70277504CF000BD504 /* ContentModel.swift in Sources */,
				63E825782778E74400C21A5E /* Business.swift in Sources */,
				63491B732778D12E000BD504 /* Constants.swift in Sources */,
				63491B752778D8B5000BD504 /* PrivateConstants.swift in Sources */,
			);
			runOnlyForDeploymentPostprocessing = 0;
		};
/* End PBXSourcesBuildPhase section */

/* Begin XCBuildConfiguration section */
		63491B672774FC5A000BD504 /* Debug */ = {
			isa = XCBuildConfiguration;
			buildSettings = {
				ALWAYS_SEARCH_USER_PATHS = NO;
				CLANG_ANALYZER_NONNULL = YES;
				CLANG_ANALYZER_NUMBER_OBJECT_CONVERSION = YES_AGGRESSIVE;
				CLANG_CXX_LANGUAGE_STANDARD = "gnu++17";
				CLANG_CXX_LIBRARY = "libc++";
				CLANG_ENABLE_MODULES = YES;
				CLANG_ENABLE_OBJC_ARC = YES;
				CLANG_ENABLE_OBJC_WEAK = YES;
				CLANG_WARN_BLOCK_CAPTURE_AUTORELEASING = YES;
				CLANG_WARN_BOOL_CONVERSION = YES;
				CLANG_WARN_COMMA = YES;
				CLANG_WARN_CONSTANT_CONVERSION = YES;
				CLANG_WARN_DEPRECATED_OBJC_IMPLEMENTATIONS = YES;
				CLANG_WARN_DIRECT_OBJC_ISA_USAGE = YES_ERROR;
				CLANG_WARN_DOCUMENTATION_COMMENTS = YES;
				CLANG_WARN_EMPTY_BODY = YES;
				CLANG_WARN_ENUM_CONVERSION = YES;
				CLANG_WARN_INFINITE_RECURSION = YES;
				CLANG_WARN_INT_CONVERSION = YES;
				CLANG_WARN_NON_LITERAL_NULL_CONVERSION = YES;
				CLANG_WARN_OBJC_IMPLICIT_RETAIN_SELF = YES;
				CLANG_WARN_OBJC_LITERAL_CONVERSION = YES;
				CLANG_WARN_OBJC_ROOT_CLASS = YES_ERROR;
				CLANG_WARN_QUOTED_INCLUDE_IN_FRAMEWORK_HEADER = YES;
				CLANG_WARN_RANGE_LOOP_ANALYSIS = YES;
				CLANG_WARN_STRICT_PROTOTYPES = YES;
				CLANG_WARN_SUSPICIOUS_MOVE = YES;
				CLANG_WARN_UNGUARDED_AVAILABILITY = YES_AGGRESSIVE;
				CLANG_WARN_UNREACHABLE_CODE = YES;
				CLANG_WARN__DUPLICATE_METHOD_MATCH = YES;
				COPY_PHASE_STRIP = NO;
				DEBUG_INFORMATION_FORMAT = dwarf;
				ENABLE_STRICT_OBJC_MSGSEND = YES;
				ENABLE_TESTABILITY = YES;
				GCC_C_LANGUAGE_STANDARD = gnu11;
				GCC_DYNAMIC_NO_PIC = NO;
				GCC_NO_COMMON_BLOCKS = YES;
				GCC_OPTIMIZATION_LEVEL = 0;
				GCC_PREPROCESSOR_DEFINITIONS = (
					"DEBUG=1",
					"$(inherited)",
				);
				GCC_WARN_64_TO_32_BIT_CONVERSION = YES;
				GCC_WARN_ABOUT_RETURN_TYPE = YES_ERROR;
				GCC_WARN_UNDECLARED_SELECTOR = YES;
				GCC_WARN_UNINITIALIZED_AUTOS = YES_AGGRESSIVE;
				GCC_WARN_UNUSED_FUNCTION = YES;
				GCC_WARN_UNUSED_VARIABLE = YES;
				IPHONEOS_DEPLOYMENT_TARGET = 15.2;
				MTL_ENABLE_DEBUG_INFO = INCLUDE_SOURCE;
				MTL_FAST_MATH = YES;
				ONLY_ACTIVE_ARCH = YES;
				SDKROOT = iphoneos;
				SWIFT_ACTIVE_COMPILATION_CONDITIONS = DEBUG;
				SWIFT_OPTIMIZATION_LEVEL = "-Onone";
			};
			name = Debug;
		};
		63491B682774FC5A000BD504 /* Release */ = {
			isa = XCBuildConfiguration;
			buildSettings = {
				ALWAYS_SEARCH_USER_PATHS = NO;
				CLANG_ANALYZER_NONNULL = YES;
				CLANG_ANALYZER_NUMBER_OBJECT_CONVERSION = YES_AGGRESSIVE;
				CLANG_CXX_LANGUAGE_STANDARD = "gnu++17";
				CLANG_CXX_LIBRARY = "libc++";
				CLANG_ENABLE_MODULES = YES;
				CLANG_ENABLE_OBJC_ARC = YES;
				CLANG_ENABLE_OBJC_WEAK = YES;
				CLANG_WARN_BLOCK_CAPTURE_AUTORELEASING = YES;
				CLANG_WARN_BOOL_CONVERSION = YES;
				CLANG_WARN_COMMA = YES;
				CLANG_WARN_CONSTANT_CONVERSION = YES;
				CLANG_WARN_DEPRECATED_OBJC_IMPLEMENTATIONS = YES;
				CLANG_WARN_DIRECT_OBJC_ISA_USAGE = YES_ERROR;
				CLANG_WARN_DOCUMENTATION_COMMENTS = YES;
				CLANG_WARN_EMPTY_BODY = YES;
				CLANG_WARN_ENUM_CONVERSION = YES;
				CLANG_WARN_INFINITE_RECURSION = YES;
				CLANG_WARN_INT_CONVERSION = YES;
				CLANG_WARN_NON_LITERAL_NULL_CONVERSION = YES;
				CLANG_WARN_OBJC_IMPLICIT_RETAIN_SELF = YES;
				CLANG_WARN_OBJC_LITERAL_CONVERSION = YES;
				CLANG_WARN_OBJC_ROOT_CLASS = YES_ERROR;
				CLANG_WARN_QUOTED_INCLUDE_IN_FRAMEWORK_HEADER = YES;
				CLANG_WARN_RANGE_LOOP_ANALYSIS = YES;
				CLANG_WARN_STRICT_PROTOTYPES = YES;
				CLANG_WARN_SUSPICIOUS_MOVE = YES;
				CLANG_WARN_UNGUARDED_AVAILABILITY = YES_AGGRESSIVE;
				CLANG_WARN_UNREACHABLE_CODE = YES;
				CLANG_WARN__DUPLICATE_METHOD_MATCH = YES;
				COPY_PHASE_STRIP = NO;
				DEBUG_INFORMATION_FORMAT = "dwarf-with-dsym";
				ENABLE_NS_ASSERTIONS = NO;
				ENABLE_STRICT_OBJC_MSGSEND = YES;
				GCC_C_LANGUAGE_STANDARD = gnu11;
				GCC_NO_COMMON_BLOCKS = YES;
				GCC_WARN_64_TO_32_BIT_CONVERSION = YES;
				GCC_WARN_ABOUT_RETURN_TYPE = YES_ERROR;
				GCC_WARN_UNDECLARED_SELECTOR = YES;
				GCC_WARN_UNINITIALIZED_AUTOS = YES_AGGRESSIVE;
				GCC_WARN_UNUSED_FUNCTION = YES;
				GCC_WARN_UNUSED_VARIABLE = YES;
				IPHONEOS_DEPLOYMENT_TARGET = 15.2;
				MTL_ENABLE_DEBUG_INFO = NO;
				MTL_FAST_MATH = YES;
				SDKROOT = iphoneos;
				SWIFT_COMPILATION_MODE = wholemodule;
				SWIFT_OPTIMIZATION_LEVEL = "-O";
				VALIDATE_PRODUCT = YES;
			};
			name = Release;
		};
		63491B6A2774FC5A000BD504 /* Debug */ = {
			isa = XCBuildConfiguration;
			buildSettings = {
				ASSETCATALOG_COMPILER_APPICON_NAME = AppIcon;
				ASSETCATALOG_COMPILER_GLOBAL_ACCENT_COLOR_NAME = AccentColor;
				CODE_SIGN_STYLE = Automatic;
				CURRENT_PROJECT_VERSION = 1;
				DEVELOPMENT_ASSET_PATHS = "\"CitySights/Preview Content\"";
				ENABLE_PREVIEWS = YES;
				GENERATE_INFOPLIST_FILE = YES;
				INFOPLIST_KEY_NSLocationWhenInUseUsageDescription = "Grant permission to locate attractions near you";
				INFOPLIST_KEY_UIApplicationSceneManifest_Generation = YES;
				INFOPLIST_KEY_UIApplicationSupportsIndirectInputEvents = YES;
				INFOPLIST_KEY_UILaunchScreen_Generation = YES;
				INFOPLIST_KEY_UISupportedInterfaceOrientations_iPad = "UIInterfaceOrientationPortrait UIInterfaceOrientationPortraitUpsideDown UIInterfaceOrientationLandscapeLeft UIInterfaceOrientationLandscapeRight";
				INFOPLIST_KEY_UISupportedInterfaceOrientations_iPhone = "UIInterfaceOrientationPortrait UIInterfaceOrientationLandscapeLeft UIInterfaceOrientationLandscapeRight";
				LD_RUNPATH_SEARCH_PATHS = (
					"$(inherited)",
					"@executable_path/Frameworks",
				);
				MARKETING_VERSION = 1.0;
				PRODUCT_BUNDLE_IDENTIFIER = com.jeffsweeney.CitySights;
				PRODUCT_NAME = "$(TARGET_NAME)";
				SWIFT_EMIT_LOC_STRINGS = YES;
				SWIFT_VERSION = 5.0;
				TARGETED_DEVICE_FAMILY = "1,2";
			};
			name = Debug;
		};
		63491B6B2774FC5A000BD504 /* Release */ = {
			isa = XCBuildConfiguration;
			buildSettings = {
				ASSETCATALOG_COMPILER_APPICON_NAME = AppIcon;
				ASSETCATALOG_COMPILER_GLOBAL_ACCENT_COLOR_NAME = AccentColor;
				CODE_SIGN_STYLE = Automatic;
				CURRENT_PROJECT_VERSION = 1;
				DEVELOPMENT_ASSET_PATHS = "\"CitySights/Preview Content\"";
				ENABLE_PREVIEWS = YES;
				GENERATE_INFOPLIST_FILE = YES;
				INFOPLIST_KEY_NSLocationWhenInUseUsageDescription = "Grant permission to locate attractions near you";
				INFOPLIST_KEY_UIApplicationSceneManifest_Generation = YES;
				INFOPLIST_KEY_UIApplicationSupportsIndirectInputEvents = YES;
				INFOPLIST_KEY_UILaunchScreen_Generation = YES;
				INFOPLIST_KEY_UISupportedInterfaceOrientations_iPad = "UIInterfaceOrientationPortrait UIInterfaceOrientationPortraitUpsideDown UIInterfaceOrientationLandscapeLeft UIInterfaceOrientationLandscapeRight";
				INFOPLIST_KEY_UISupportedInterfaceOrientations_iPhone = "UIInterfaceOrientationPortrait UIInterfaceOrientationLandscapeLeft UIInterfaceOrientationLandscapeRight";
				LD_RUNPATH_SEARCH_PATHS = (
					"$(inherited)",
					"@executable_path/Frameworks",
				);
				MARKETING_VERSION = 1.0;
				PRODUCT_BUNDLE_IDENTIFIER = com.jeffsweeney.CitySights;
				PRODUCT_NAME = "$(TARGET_NAME)";
				SWIFT_EMIT_LOC_STRINGS = YES;
				SWIFT_VERSION = 5.0;
				TARGETED_DEVICE_FAMILY = "1,2";
			};
			name = Release;
		};
/* End XCBuildConfiguration section */

/* Begin XCConfigurationList section */
		63491B562774FC59000BD504 /* Build configuration list for PBXProject "CitySights" */ = {
			isa = XCConfigurationList;
			buildConfigurations = (
				63491B672774FC5A000BD504 /* Debug */,
				63491B682774FC5A000BD504 /* Release */,
			);
			defaultConfigurationIsVisible = 0;
			defaultConfigurationName = Release;
		};
		63491B692774FC5A000BD504 /* Build configuration list for PBXNativeTarget "CitySights" */ = {
			isa = XCConfigurationList;
			buildConfigurations = (
				63491B6A2774FC5A000BD504 /* Debug */,
				63491B6B2774FC5A000BD504 /* Release */,
			);
			defaultConfigurationIsVisible = 0;
			defaultConfigurationName = Release;
		};
/* End XCConfigurationList section */
	};
	rootObject = 63491B532774FC59000BD504 /* Project object */;
}
